github.com/andrewchambers/extraio v0.0.0-20180815095613-4c46a6eca05a/go.mod h1:VBQHKsFsHpkh7o/ShcL8ozX0Fibw2at7D27Lfp1SnfQ=
golang.org/x/net v0.0.0-20180826012351-8a410e7b638d/go.mod h1:mL1N/T3taQHkDXs73rZJwtUhF3w3ftmwwsq0BUmARs4=
golang.org/x/sync v0.0.0-20180314180146-1d60e4601c6f/go.mod h1:RxMgew5VJxzue5/jJTE5uejpjVlOe/izrB70Jof72aM=
